Microsoft Visual Studio Solution File, Format Version 12.00
# Visual Studio 2012
Project("{FAE04EC0-301F-11D3-BF4B-00C04F79EFBC}") = "Solitaire", "Solitaire.csproj", "{B0D1AE2E-8E73-4F21-84CF-80B3A5FA2967}"
EndProject
Global
	GlobalSection(SolutionConfigurationPlatforms) = preSolution
	Debug|Any CPU = Debug|Any CPU
	ExportDebug|Any CPU = ExportDebug|Any CPU
	ExportRelease|Any CPU = ExportRelease|Any CPU
	EndGlobalSection
	GlobalSection(ProjectConfigurationPlatforms) = postSolution
		{B0D1AE2E-8E73-4F21-84CF-80B3A5FA2967}.Debug|Any CPU.ActiveCfg = Debug|Any CPU
		{B0D1AE2E-8E73-4F21-84CF-80B3A5FA2967}.Debug|Any CPU.Build.0 = Debug|Any CPU
		{B0D1AE2E-8E73-4F21-84CF-80B3A5FA2967}.ExportDebug|Any CPU.ActiveCfg = ExportDebug|Any CPU
		{B0D1AE2E-8E73-4F21-84CF-80B3A5FA2967}.ExportDebug|Any CPU.Build.0 = ExportDebug|Any CPU
		{B0D1AE2E-8E73-4F21-84CF-80B3A5FA2967}.ExportRelease|Any CPU.ActiveCfg = ExportRelease|Any CPU
		{B0D1AE2E-8E73-4F21-84CF-80B3A5FA2967}.ExportRelease|Any CPU.Build.0 = ExportRelease|Any CPU
	EndGlobalSection
EndGlobal
